{
    "_readme": [
        "This file locks the dependencies of your project to a known state",
        "Read more about it at http://getcomposer.org/doc/01-basic-usage.md#composer-lock-the-lock-file"
    ],
    "hash": "d5b60e25ae06549f76e58235971c3486",
    "packages": [
        {
            "name": "clevis/migration",
            "version": "dev-master",
            "source": {
                "type": "git",
                "url": "git@github.com:Clevis/Migration.git",
                "reference": "7ee86ded299dc43625296984f2d836da37551cba"
            },
            "require": {
                "dibi/dibi": "~2.1",
                "php": "~5.3"
            },
            "require-dev": {
                "mockery/mockery": "~0.8",
                "nette/tester": "0.9.*",
                "petrp/access": "0.2.*",
                "php": "~5.4"
            },
            "type": "library",
            "autoload": {
                "classmap": [
                    "Migration/"
                ]
            },
            "description": "Simple database migrations runner",
            "time": "2014-04-11 12:35:58"
        },
        {
            "name": "clevis/orm",
            "version": "dev-master",
            "source": {
                "type": "git",
                "url": "git@github.com:Clevis/Orm.git",
                "reference": "1181cea9e760bf07f61acd70fa855b9429430678"
            },
            "require": {
                "clevis/orm-installer": "dev-master",
                "dg/dibi": "2.1.*",
                "nette/nette": "@dev",
                "php": ">= 5.3.7"
            },
            "type": "petrp-orm",
            "autoload": {
                "classmap": [
                    "Orm/"
                ]
            },
            "license": [
                "BSD-3-Clause"
            ],
            "authors": [
                {
                    "name": "Petr Procházka",
                    "homepage": "http://petrprochazka.com"
                }
            ],
            "description": "ORM",
            "homepage": "http://orm.petrprochazka.com",
            "keywords": [
                "database",
                "orm"
            ],
            "time": "2013-08-22 17:45:41"
        },
        {
            "name": "clevis/orm-installer",
            "version": "dev-master",
            "source": {
                "type": "git",
                "url": "git@github.com:Clevis/OrmInstaller.git",
                "reference": "e13107b2060aedf777b6c885a820563574d392f9"
            },
            "require": {
                "php": ">= 5.3.7"
            },
            "require-dev": {
                "composer/composer": "@dev",
                "nette/tester": "@dev"
            },
            "type": "composer-installer",
            "extra": {
                "class": "Clevis\\Orm\\OrmInstaller"
            },
            "autoload": {
                "psr-0": {
                    "Clevis\\Orm\\": "src/"
                }
            },
            "license": [
                "BSD-3-Clause"
            ],
            "authors": [
                {
                    "name": "Clevis s.r.o.",
                    "homepage": "http://clevis.cz"
                }
            ],
            "description": "Installer for Clevis/Orm",
            "homepage": "http://clevis.cz",
            "time": "2013-08-22 18:03:15"
        },
        {
            "name": "clevis/skeleton-core",
            "version": "dev-master",
            "source": {
                "type": "git",
                "url": "git@github.com:Clevis/SkeletonCore.git",
                "reference": "afddbbe543d1e9d1c56e82e7efba85b1bada431d"
            },
            "require": {
                "nette/nette": "@dev",
                "php": ">= 5.3.7"
            },
            "require-dev": {
                "mockery/mockery": "dev-master",
                "phpunit/phpunit": ">=3.7.20"
            },
            "type": "library",
            "autoload": {
                "classmap": [
                    "Skeleton/"
                ]
            },
            "license": [
                "BSD-3-Clause"
            ],
            "authors": [
                {
                    "name": "Clevis s.r.o.",
                    "homepage": "http://clevis.cz"
                }
            ],
            "description": "Core functionality of Skeleton21",
            "homepage": "http://clevis.cz",
            "time": "2014-01-17 02:59:20"
        },
        {
            "name": "clevis/skeleton-package-installer",
            "version": "dev-master",
            "source": {
                "type": "git",
                "url": "git@github.com:Clevis/SkeletonPackageInstaller.git",
                "reference": "b8f40a0ad08e2cf187457d21c5901d9a40e1f5d7"
            },
            "require": {
                "php": ">= 5.3.7"
            },
            "require-dev": {
                "composer/composer": "@dev",
                "nette/tester": "@dev"
            },
            "type": "composer-installer",
            "extra": {
                "class": "Clevis\\Skeleton\\PackageInstaller"
            },
            "autoload": {
                "psr-0": {
                    "Clevis\\Skeleton\\": "src/"
                }
            },
            "license": [
                "BSD-3-Clause"
            ],
            "authors": [
                {
                    "name": "Clevis s.r.o.",
                    "homepage": "http://clevis.cz"
                }
            ],
            "description": "Installer of packages for Skeleton21",
            "homepage": "http://clevis.cz",
            "time": "2014-03-12 10:36:00"
        },
        {
            "name": "dg/adminer-custom",
            "version": "v1.0.0",
            "source": {
                "type": "git",
                "url": "https://github.com/dg/adminer-custom.git",
                "reference": "c7ce0e546c5d8ee93fbcdb4528460ac2a741a0b3"
            },
            "dist": {
                "type": "zip",
                "url": "https://api.github.com/repos/dg/adminer-custom/zipball/c7ce0e546c5d8ee93fbcdb4528460ac2a741a0b3",
                "reference": "c7ce0e546c5d8ee93fbcdb4528460ac2a741a0b3",
                "shasum": ""
            },
            "type": "project",
            "notification-url": "https://packagist.org/downloads/",
            "description": "Customization for the best database management tool written in PHP, Adminer",
            "time": "2013-07-01 12:56:59"
        },
        {
            "name": "dg/dibi",
            "version": "2.1.x-dev",
            "source": {
                "type": "git",
                "url": "https://github.com/dg/dibi.git",
                "reference": "2c3fe68c6cf42e051b591d8897aedc3fad97024f"
            },
            "dist": {
                "type": "zip",
                "url": "https://api.github.com/repos/dg/dibi/zipball/2c3fe68c6cf42e051b591d8897aedc3fad97024f",
                "reference": "2c3fe68c6cf42e051b591d8897aedc3fad97024f",
                "shasum": ""
            },
            "replace": {
                "dg/dibi": "self.version"
            },
            "require-dev": {
                "nette/tester": "@dev"
            },
            "type": "library",
            "autoload": {
                "classmap": [
                    "dibi/"
                ]
            },
            "notification-url": "https://packagist.org/downloads/",
            "license": [
                "BSD-3",
                "GPLv2",
                "GPLv3"
            ],
            "authors": [
                {
                    "name": "David Grudl",
                    "homepage": "http://davidgrudl.com"
                }
            ],
            "description": "Dibi is Database Abstraction Library for PHP 5.",
            "homepage": "http://dibiphp.com/",
            "keywords": [
                "access",
                "database",
                "dbal",
                "mssql",
                "mysql",
                "odbc",
                "oracle",
                "pdo",
                "postgresql",
                "sqlite"
            ],
            "time": "2013-10-16 19:39:29"
        },
        {
            "name": "dibi/dibi",
            "version": "v2.1.0",
            "source": {
                "type": "git",
                "url": "git@github.com:Clevis/dibi.git",
                "reference": "dc4fe8b398f05549c1b19bc5743038023eb432fb"
            },
            "require-dev": {
                "nette/tester": "@dev"
            },
            "type": "library",
            "autoload": {
                "classmap": [
                    "dibi/"
                ]
            },
            "license": [
                "BSD-3",
                "GPLv2",
                "GPLv3"
            ],
            "authors": [
                {
                    "name": "David Grudl",
                    "homepage": "http://davidgrudl.com"
                }
            ],
            "description": "Dibi is Database Abstraction Library for PHP 5.",
            "homepage": "http://dibiphp.com/",
            "keywords": [
                "access",
                "database",
                "dbal",
                "mssql",
                "mysql",
                "odbc",
                "oracle",
                "pdo",
                "postgresql",
                "sqlite"
            ],
            "time": "2013-06-22 16:54:12"
        },
        {
            "name": "nette/nette",
            "version": "2.1.x-dev",
            "source": {
                "type": "git",
                "url": "https://github.com/nette/nette.git",
                "reference": "080c26ca60b77e0de7db0bcfe082db719c1ec276"
            },
            "dist": {
                "type": "zip",
                "url": "https://api.github.com/repos/nette/nette/zipball/080c26ca60b77e0de7db0bcfe082db719c1ec276",
                "reference": "080c26ca60b77e0de7db0bcfe082db719c1ec276",
                "shasum": ""
            },
            "require": {
                "ext-iconv": "*",
                "ext-tokenizer": "*",
                "php": ">=5.3.1"
            },
            "require-dev": {
                "nette/tester": "~1.1"
            },
            "suggest": {
                "ext-fileinfo": "*",
                "ext-gd": "*",
                "ext-mbstring": "*",
                "ext-pdo": "*"
            },
            "type": "library",
            "autoload": {
                "classmap": [
                    "Nette/"
                ],
                "files": [
                    "Nette/common/shortcuts.php"
                ]
            },
            "notification-url": "https://packagist.org/downloads/",
            "license": [
                "BSD-3-Clause",
                "GPL-2.0",
                "GPL-3.0"
            ],
            "authors": [
                {
                    "name": "David Grudl",
                    "homepage": "http://davidgrudl.com"
                },
                {
                    "name": "Nette Community",
                    "homepage": "http://nette.org/contributors"
                }
            ],
            "description": "Nette Framework - innovative framework for fast and easy development of secured web applications in PHP. Write less, have cleaner code and your work will bring you joy.",
            "homepage": "http://nette.org",
            "keywords": [
                "Forms",
                "database",
                "debugging",
                "framework",
                "mailing",
                "mvc",
                "templating"
            ],
            "time": "2014-04-07 21:33:09"
        }
    ],
    "packages-dev": [
        {
            "name": "clevis/se34",
            "version": "dev-master",
            "source": {
                "type": "git",
                "url": "git@github.com:Clevis/Se34.git",
                "reference": "0557027e5856077d1d492e6e54644788a20e3789"
            },
            "require": {
                "php": ">=5.3.0",
                "phpunit/phpunit": ">=3.7.7",
                "phpunit/phpunit-selenium": "dev-master"
            },
            "type": "library",
            "autoload": {
                "classmap": [
                    "Se34/"
                ]
            },
            "license": [
                "MIT"
            ],
            "description": "Auxiliary classes for Selenium testing.",
            "time": "2013-09-22 15:51:02"
        },
        {
            "name": "petrp/httpphpunit",
            "version": "dev-master",
            "source": {
                "type": "git",
                "url": "git@github.com:Clevis/HttpPHPUnit.git",
                "reference": "f81b85c5b6e2e44885534720f6189517f6e6d7e6"
            },
            "require": {
                "php": ">=5.3.0",
                "phpunit/php-code-coverage": ">=1.0.0",
                "phpunit/phpunit": ">=3.5.0"
            },
            "type": "library",
            "autoload": {
                "files": [
                    "HttpPHPUnit/init.php"
                ]
            },
            "license": [
                "BSD-3-Clause"
            ],
            "authors": [
                {
                    "name": "Petr Procházka",
                    "email": "prochazkapp@gmail.com",
                    "homepage": "http://petrp.cz"
                },
                {
                    "name": "Jan Tvrdík",
                    "homepage": "http://merxes.cz"
                }
            ],
            "description": "HttpPHPUnit - Tool for running PHPUnit tests in web browser.",
            "homepage": "https://github.com/PetrP/HttpPHPUnit",
            "time": "2013-08-31 23:47:37"
        },
        {
            "name": "phpunit/php-code-coverage",
            "version": "1.2.x-dev",
            "source": {
                "type": "git",
                "url": "https://github.com/sebastianbergmann/php-code-coverage.git",
                "reference": "6ef2bf3a1c47eca07ea95f0d8a902a6340390b34"
            },
            "dist": {
                "type": "zip",
                "url": "https://api.github.com/repos/sebastianbergmann/php-code-coverage/zipball/6ef2bf3a1c47eca07ea95f0d8a902a6340390b34",
                "reference": "6ef2bf3a1c47eca07ea95f0d8a902a6340390b34",
                "shasum": ""
            },
            "require": {
                "php": ">=5.3.3",
                "phpunit/php-file-iterator": ">=1.3.0@stable",
                "phpunit/php-text-template": ">=1.2.0@stable",
                "phpunit/php-token-stream": ">=1.1.3@stable"
            },
            "require-dev": {
                "phpunit/phpunit": "3.7.*@dev"
            },
            "suggest": {
                "ext-dom": "*",
                "ext-xdebug": ">=2.0.5"
            },
            "type": "library",
            "extra": {
                "branch-alias": {
                    "dev-master": "1.2.x-dev"
                }
            },
            "autoload": {
                "classmap": [
                    "PHP/"
                ]
            },
            "notification-url": "https://packagist.org/downloads/",
            "include-path": [
                ""
            ],
            "license": [
                "BSD-3-Clause"
            ],
            "authors": [
                {
                    "name": "Sebastian Bergmann",
                    "email": "sb@sebastian-bergmann.de",
                    "role": "lead"
                }
            ],
            "description": "Library that provides collection, processing, and rendering functionality for PHP code coverage information.",
            "homepage": "https://github.com/sebastianbergmann/php-code-coverage",
            "keywords": [
                "coverage",
                "testing",
                "xunit"
            ],
            "time": "2014-03-28 10:53:45"
        },
        {
            "name": "phpunit/php-file-iterator",
            "version": "1.3.4",
            "source": {
                "type": "git",
                "url": "https://github.com/sebastianbergmann/php-file-iterator.git",
                "reference": "acd690379117b042d1c8af1fafd61bde001bf6bb"
            },
            "dist": {
                "type": "zip",
                "url": "https://api.github.com/repos/sebastianbergmann/php-file-iterator/zipball/acd690379117b042d1c8af1fafd61bde001bf6bb",
                "reference": "acd690379117b042d1c8af1fafd61bde001bf6bb",
                "shasum": ""
            },
            "require": {
                "php": ">=5.3.3"
            },
            "type": "library",
            "autoload": {
                "classmap": [
                    "File/"
                ]
            },
            "notification-url": "https://packagist.org/downloads/",
            "include-path": [
                ""
            ],
            "license": [
                "BSD-3-Clause"
            ],
            "authors": [
                {
                    "name": "Sebastian Bergmann",
                    "email": "sb@sebastian-bergmann.de",
                    "role": "lead"
                }
            ],
            "description": "FilterIterator implementation that filters files based on a list of suffixes.",
            "homepage": "https://github.com/sebastianbergmann/php-file-iterator/",
            "keywords": [
                "filesystem",
                "iterator"
            ],
            "time": "2013-10-10 15:34:57"
        },
        {
            "name": "phpunit/php-text-template",
            "version": "1.2.0",
            "source": {
                "type": "git",
                "url": "https://github.com/sebastianbergmann/php-text-template.git",
                "reference": "206dfefc0ffe9cebf65c413e3d0e809c82fbf00a"
            },
            "dist": {
                "type": "zip",
                "url": "https://api.github.com/repos/sebastianbergmann/php-text-template/zipball/206dfefc0ffe9cebf65c413e3d0e809c82fbf00a",
                "reference": "206dfefc0ffe9cebf65c413e3d0e809c82fbf00a",
                "shasum": ""
            },
            "require": {
                "php": ">=5.3.3"
            },
            "type": "library",
            "autoload": {
                "classmap": [
                    "Text/"
                ]
            },
            "notification-url": "https://packagist.org/downloads/",
            "include-path": [
                ""
            ],
            "license": [
                "BSD-3-Clause"
            ],
            "authors": [
                {
                    "name": "Sebastian Bergmann",
                    "email": "sb@sebastian-bergmann.de",
                    "role": "lead"
                }
            ],
            "description": "Simple template engine.",
            "homepage": "https://github.com/sebastianbergmann/php-text-template/",
            "keywords": [
                "template"
            ],
            "time": "2014-01-30 17:20:04"
        },
        {
            "name": "phpunit/php-timer",
            "version": "1.0.5",
            "source": {
                "type": "git",
                "url": "https://github.com/sebastianbergmann/php-timer.git",
                "reference": "19689d4354b295ee3d8c54b4f42c3efb69cbc17c"
            },
            "dist": {
                "type": "zip",
                "url": "https://api.github.com/repos/sebastianbergmann/php-timer/zipball/19689d4354b295ee3d8c54b4f42c3efb69cbc17c",
                "reference": "19689d4354b295ee3d8c54b4f42c3efb69cbc17c",
                "shasum": ""
            },
            "require": {
                "php": ">=5.3.3"
            },
            "type": "library",
            "autoload": {
                "classmap": [
                    "PHP/"
                ]
            },
            "notification-url": "https://packagist.org/downloads/",
            "include-path": [
                ""
            ],
            "license": [
                "BSD-3-Clause"
            ],
            "authors": [
                {
                    "name": "Sebastian Bergmann",
                    "email": "sb@sebastian-bergmann.de",
                    "role": "lead"
                }
            ],
            "description": "Utility class for timing",
            "homepage": "https://github.com/sebastianbergmann/php-timer/",
            "keywords": [
                "timer"
            ],
            "time": "2013-08-02 07:42:54"
        },
        {
            "name": "phpunit/php-token-stream",
            "version": "dev-master",
            "source": {
                "type": "git",
                "url": "https://github.com/sebastianbergmann/php-token-stream.git",
                "reference": "ad4e1e23ae01b483c16f600ff1bebec184588e32"
            },
            "dist": {
                "type": "zip",
                "url": "https://api.github.com/repos/sebastianbergmann/php-token-stream/zipball/ad4e1e23ae01b483c16f600ff1bebec184588e32",
                "reference": "ad4e1e23ae01b483c16f600ff1bebec184588e32",
                "shasum": ""
            },
            "require": {
                "ext-tokenizer": "*",
                "php": ">=5.3.3"
            },
            "type": "library",
            "extra": {
                "branch-alias": {
                    "dev-master": "1.2-dev"
                }
            },
            "autoload": {
                "classmap": [
                    "PHP/"
                ]
            },
            "notification-url": "https://packagist.org/downloads/",
            "include-path": [
                ""
            ],
            "license": [
                "BSD-3-Clause"
            ],
            "authors": [
                {
                    "name": "Sebastian Bergmann",
                    "email": "sb@sebastian-bergmann.de",
                    "role": "lead"
                }
            ],
            "description": "Wrapper around PHP's tokenizer extension.",
            "homepage": "https://github.com/sebastianbergmann/php-token-stream/",
            "keywords": [
                "tokenizer"
            ],
            "time": "2014-03-03 05:10:30"
        },
        {
            "name": "phpunit/phpunit",
            "version": "3.7.x-dev",
            "source": {
                "type": "git",
                "url": "https://github.com/sebastianbergmann/phpunit.git",
                "reference": "248d6ce95e6ca7f0e3135252c0b984bbe1f52f19"
            },
            "dist": {
                "type": "zip",
                "url": "https://api.github.com/repos/sebastianbergmann/phpunit/zipball/248d6ce95e6ca7f0e3135252c0b984bbe1f52f19",
                "reference": "248d6ce95e6ca7f0e3135252c0b984bbe1f52f19",
                "shasum": ""
            },
            "require": {
                "ext-dom": "*",
                "ext-pcre": "*",
                "ext-reflection": "*",
                "ext-spl": "*",
                "php": ">=5.3.3",
                "phpunit/php-code-coverage": "~1.2",
                "phpunit/php-file-iterator": "~1.3",
                "phpunit/php-text-template": "~1.1",
                "phpunit/php-timer": "~1.0",
                "phpunit/phpunit-mock-objects": "~1.2",
                "symfony/yaml": "~2.0"
            },
            "require-dev": {
                "pear-pear.php.net/pear": "1.9.4"
            },
            "suggest": {
                "ext-json": "*",
                "ext-simplexml": "*",
                "ext-tokenizer": "*",
                "phpunit/php-invoker": "~1.1"
            },
            "bin": [
                "composer/bin/phpunit"
            ],
            "type": "library",
            "extra": {
                "branch-alias": {
                    "dev-master": "3.7.x-dev"
                }
            },
            "autoload": {
                "classmap": [
                    "PHPUnit/"
                ]
            },
            "notification-url": "https://packagist.org/downloads/",
            "include-path": [
                "",
                "../../symfony/yaml/"
            ],
            "license": [
                "BSD-3-Clause"
            ],
            "authors": [
                {
                    "name": "Sebastian Bergmann",
                    "email": "sebastian@phpunit.de",
                    "role": "lead"
                }
            ],
            "description": "The PHP Unit Testing framework.",
            "homepage": "http://www.phpunit.de/",
            "keywords": [
                "phpunit",
                "testing",
                "xunit"
            ],
            "time": "2014-03-28 11:04:36"
        },
        {
            "name": "phpunit/phpunit-mock-objects",
            "version": "1.2.x-dev",
            "source": {
                "type": "git",
                "url": "https://github.com/sebastianbergmann/phpunit-mock-objects.git",
                "reference": "c39c4511c3b007539eb170c32cbc2af49a07351a"
            },
            "dist": {
                "type": "zip",
                "url": "https://api.github.com/repos/sebastianbergmann/phpunit-mock-objects/zipball/c39c4511c3b007539eb170c32cbc2af49a07351a",
                "reference": "c39c4511c3b007539eb170c32cbc2af49a07351a",
                "shasum": ""
            },
            "require": {
                "php": ">=5.3.3",
                "phpunit/php-text-template": ">=1.1.1@stable"
            },
            "require-dev": {
                "phpunit/phpunit": "3.7.*@dev"
            },
            "suggest": {
                "ext-soap": "*"
            },
            "type": "library",
            "extra": {
                "branch-alias": {
                    "dev-master": "1.2.x-dev"
                }
            },
            "autoload": {
                "classmap": [
                    "PHPUnit/"
                ]
            },
            "notification-url": "https://packagist.org/downloads/",
            "include-path": [
                ""
            ],
            "license": [
                "BSD-3-Clause"
            ],
            "authors": [
                {
                    "name": "Sebastian Bergmann",
                    "email": "sb@sebastian-bergmann.de",
                    "role": "lead"
                }
            ],
            "description": "Mock Object library for PHPUnit",
            "homepage": "https://github.com/sebastianbergmann/phpunit-mock-objects/",
            "keywords": [
                "mock",
                "xunit"
            ],
            "time": "2014-02-16 12:43:56"
        },
        {
            "name": "phpunit/phpunit-selenium",
            "version": "dev-master",
            "source": {
                "type": "git",
                "url": "https://github.com/sebastianbergmann/phpunit-selenium.git",
                "reference": "a7401a04755dce41332a450b7111dd610caa3ace"
            },
            "dist": {
                "type": "zip",
                "url": "https://api.github.com/repos/sebastianbergmann/phpunit-selenium/zipball/a7401a04755dce41332a450b7111dd610caa3ace",
                "reference": "a7401a04755dce41332a450b7111dd610caa3ace",
                "shasum": ""
            },
            "require": {
                "ext-curl": "*",
                "ext-dom": "*",
                "php": ">=5.3.3",
                "phpunit/phpunit": ">=3.7.0@stable"
            },
            "type": "library",
            "autoload": {
                "classmap": [
                    "PHPUnit/"
                ]
            },
            "notification-url": "https://packagist.org/downloads/",
            "include-path": [
                ""
            ],
            "license": [
                "BSD-3-Clause"
            ],
            "authors": [
                {
                    "name": "Sebastian Bergmann",
                    "email": "sb@sebastian-bergmann.de",
                    "role": "lead"
                },
                {
                    "name": "Giorgio Sironi",
                    "email": "info@giorgiosironi.com",
                    "role": "developer"
                }
            ],
            "description": "Selenium Server integration for PHPUnit",
            "homepage": "http://www.phpunit.de/",
            "keywords": [
                "selenium",
                "testing",
                "xunit"
            ],
            "time": "2014-02-23 17:48:10"
        },
        {
            "name": "symfony/yaml",
            "version": "dev-master",
            "target-dir": "Symfony/Component/Yaml",
            "source": {
                "type": "git",
                "url": "https://github.com/symfony/Yaml.git",
                "reference": "cee3067d680232674c6505d91db9d3d635a9a8f4"
            },
            "dist": {
                "type": "zip",
                "url": "https://api.github.com/repos/symfony/Yaml/zipball/cee3067d680232674c6505d91db9d3d635a9a8f4",
                "reference": "cee3067d680232674c6505d91db9d3d635a9a8f4",
                "shasum": ""
            },
            "require": {
                "php": ">=5.3.3"
            },
            "type": "library",
            "extra": {
                "branch-alias": {
                    "dev-master": "2.5-dev"
                }
            },
            "autoload": {
                "psr-0": {
                    "Symfony\\Component\\Yaml\\": ""
                }
            },
            "notification-url": "https://packagist.org/downloads/",
            "license": [
                "MIT"
            ],
            "authors": [
                {
                    "name": "Fabien Potencier",
                    "email": "fabien@symfony.com",
                    "homepage": "http://fabien.potencier.org",
                    "role": "Lead Developer"
                },
                {
                    "name": "Symfony Community",
                    "homepage": "http://symfony.com/contributors"
                }
            ],
            "description": "Symfony Yaml Component",
            "homepage": "http://symfony.com",
            "time": "2014-03-26 11:51:10"
        }
    ],
    "aliases": [

    ],
    "minimum-stability": "dev",
    "stability-flags": {
        "clevis/orm": 20,
        "clevis/skeleton-core": 20,
        "clevis/migration": 20,
        "clevis/skeleton-package-installer": 20,
        "petrp/httpphpunit": 20,
        "clevis/se34": 20
    },
    "platform": {
        "php": ">= 5.3.7"
    },
    "platform-dev": [

    ]
}
